{
  "R": {
    "Version": "4.4.0",
    "Repositories": [
      {
        "Name": "CRAN",
        "URL": "https://packagemanager.posit.co/cran/latest"
      }
    ]
  },
  "Python": {
    "Version": "3.10.12",
    "Type": "virtualenv",
    "Name": "./renv/python/virtualenvs/renv-python-3.10"
  },
  "Packages": {}
}
